
Microsoft Visual Studio Solution File, Format Version 12.00
# Visual Studio Version 17
VisualStudioVersion = 17.2.32516.85
MinimumVisualStudioVersion = 10.0.40219.1
Project("{8BC9CEB8-8B4A-11D0-8D11-00A0C91BC942}") = "leetcode-206", "leetcode-206\leetcode-206.vcxproj", "{02D601BC-37C4-4A38-A34C-990CFE069E79}"
EndProject
Global
	GlobalSection(SolutionConfigurationPlatforms) = preSolution
		Debug|x64 = Debug|x64
		Debug|x86 = Debug|x86
		Release|x64 = Release|x64
		Release|x86 = Release|x86
	EndGlobalSection
	GlobalSection(ProjectConfigurationPlatforms) = postSolution
		{02D601BC-37C4-4A38-A34C-990CFE069E79}.Debug|x64.ActiveCfg = Debug|x64
		{02D601BC-37C4-4A38-A34C-990CFE069E79}.Debug|x64.Build.0 = Debug|x64
		{02D601BC-37C4-4A38-A34C-990CFE069E79}.Debug|x86.ActiveCfg = Debug|Win32
		{02D601BC-37C4-4A38-A34C-990CFE069E79}.Debug|x86.Build.0 = Debug|Win32
		{02D601BC-37C4-4A38-A34C-990CFE069E79}.Release|x64.ActiveCfg = Release|x64
		{02D601BC-37C4-4A38-A34C-990CFE069E79}.Release|x64.Build.0 = Release|x64
		{02D601BC-37C4-4A38-A34C-990CFE069E79}.Release|x86.ActiveCfg = Release|Win32
		{02D601BC-37C4-4A38-A34C-990CFE069E79}.Release|x86.Build.0 = Release|Win32
	EndGlobalSection
	GlobalSection(SolutionProperties) = preSolution
		HideSolutionNode = FALSE
	EndGlobalSection
	GlobalSection(ExtensibilityGlobals) = postSolution
		SolutionGuid = {8D90BC02-7E9B-43B8-9DF3-130C5C70B52A}
	EndGlobalSection
EndGlobal
